
Microsoft Visual Studio Solution File, Format Version 12.00
# Visual Studio Version 16
VisualStudioVersion = 16.0.30804.86
MinimumVisualStudioVersion = 10.0.40219.1
Project("{FAE04EC0-301F-11D3-BF4B-00C04F79EFBC}") = "MusicPlayerApp", "MusicPlayerApp\MusicPlayerApp.csproj", "{6EBDBB95-7042-4686-B6DF-D4A545B3DB1B}"
EndProject
Global
	GlobalSection(SolutionConfigurationPlatforms) = preSolution
		Debug|Any CPU = Debug|Any CPU
		Release|Any CPU = Release|Any CPU
	EndGlobalSection
	GlobalSection(ProjectConfigurationPlatforms) = postSolution
		{6EBDBB95-7042-4686-B6DF-D4A545B3DB1B}.Debug|Any CPU.ActiveCfg = Debug|Any CPU
		{6EBDBB95-7042-4686-B6DF-D4A545B3DB1B}.Debug|Any CPU.Build.0 = Debug|Any CPU
		{6EBDBB95-7042-4686-B6DF-D4A545B3DB1B}.Release|Any CPU.ActiveCfg = Release|Any CPU
		{6EBDBB95-7042-4686-B6DF-D4A545B3DB1B}.Release|Any CPU.Build.0 = Release|Any CPU
	EndGlobalSection
	GlobalSection(SolutionProperties) = preSolution
		HideSolutionNode = FALSE
	EndGlobalSection
	GlobalSection(ExtensibilityGlobals) = postSolution
		SolutionGuid = {A061FA13-17AE-461F-9D0E-9B77752F21AB}
	EndGlobalSection
EndGlobal
